
Microsoft Visual Studio Solution File, Format Version 12.00
# Visual Studio Version 16
VisualStudioVersion = 16.0.31005.135
MinimumVisualStudioVersion = 10.0.40219.1
Project("{FAE04EC0-301F-11D3-BF4B-00C04F79EFBC}") = "metodo-de-punto-fijo", "metodo-de-punto-fijo.csproj", "{3A4CD391-5FF9-427B-9AA4-4AC52A5C3F43}"
EndProject
Global
	GlobalSection(SolutionConfigurationPlatforms) = preSolution
		Debug|Any CPU = Debug|Any CPU
		Release|Any CPU = Release|Any CPU
	EndGlobalSection
	GlobalSection(ProjectConfigurationPlatforms) = postSolution
		{3A4CD391-5FF9-427B-9AA4-4AC52A5C3F43}.Debug|Any CPU.ActiveCfg = Debug|Any CPU
		{3A4CD391-5FF9-427B-9AA4-4AC52A5C3F43}.Debug|Any CPU.Build.0 = Debug|Any CPU
		{3A4CD391-5FF9-427B-9AA4-4AC52A5C3F43}.Release|Any CPU.ActiveCfg = Release|Any CPU
		{3A4CD391-5FF9-427B-9AA4-4AC52A5C3F43}.Release|Any CPU.Build.0 = Release|Any CPU
	EndGlobalSection
	GlobalSection(SolutionProperties) = preSolution
		HideSolutionNode = FALSE
	EndGlobalSection
	GlobalSection(ExtensibilityGlobals) = postSolution
		SolutionGuid = {9C383773-4D1C-428C-B342-B9E9B3A55012}
	EndGlobalSection
EndGlobal
